{
  "name": "Pozvánka hájovna",
  "lockfileVersion": 2,
  "requires": true,
  "packages": {
    "": {
      "dependencies": {
        "ease-value": "^1.4.1",
        "lightgallery": "^2.5.0"
      }
    },
    "node_modules/ease-value": {
      "version": "1.4.1",
      "resolved": "https://registry.npmjs.org/ease-value/-/ease-value-1.4.1.tgz",
      "integrity": "sha512-A3S4lwXtbCI7gM1vqbDKBSOC7oGCPFIQQfaZgYS+XSn+wT/EIN9BJ8vlj6JQmSj/47GS99tfbJwLa2tdVbqaVQ==",
      "engines": {
        "node": ">=0.10.0"
      }
    },
    "node_modules/lightgallery": {
      "version": "2.5.0",
      "resolved": "https://registry.npmjs.org/lightgallery/-/lightgallery-2.5.0.tgz",
      "integrity": "sha512-pzg5gwflLGlKaK1VqDKpb7yqQ/WSV/TxFaHRR7ld7G5iOI9gkJZ2qKKo2lyqvTvu8yAqNYXoU0w9O/Dll6POkw==",
      "engines": {
        "node": ">=6.0.0"
      }
    }
  },
  "dependencies": {
    "ease-value": {
      "version": "1.4.1",
      "resolved": "https://registry.npmjs.org/ease-value/-/ease-value-1.4.1.tgz",
      "integrity": "sha512-A3S4lwXtbCI7gM1vqbDKBSOC7oGCPFIQQfaZgYS+XSn+wT/EIN9BJ8vlj6JQmSj/47GS99tfbJwLa2tdVbqaVQ=="
    },
    "lightgallery": {
      "version": "2.5.0",
      "resolved": "https://registry.npmjs.org/lightgallery/-/lightgallery-2.5.0.tgz",
      "integrity": "sha512-pzg5gwflLGlKaK1VqDKpb7yqQ/WSV/TxFaHRR7ld7G5iOI9gkJZ2qKKo2lyqvTvu8yAqNYXoU0w9O/Dll6POkw=="
    }
  }
}
